
Microsoft Visual Studio Solution File, Format Version 12.00
# Visual Studio Version 17
VisualStudioVersion = 17.3.32901.215
MinimumVisualStudioVersion = 10.0.40219.1
Project("{9A19103F-16F7-4668-BE54-9A1E7A4F7556}") = "BikeService", "BikeService\BikeService.csproj", "{00D87B19-BB48-4A42-94C8-1ED5AF63B27B}"
EndProject
Project("{FAE04EC0-301F-11D3-BF4B-00C04F79EFBC}") = "FirebaseAuthentication", "FirebaseAuthentication\FirebaseAuthentication.csproj", "{E3A4D330-EFF2-4250-BAEE-E734EC84C73D}"
EndProject
Global
	GlobalSection(SolutionConfigurationPlatforms) = preSolution
		Debug|Any CPU = Debug|Any CPU
		Release|Any CPU = Release|Any CPU
	EndGlobalSection
	GlobalSection(ProjectConfigurationPlatforms) = postSolution
		{00D87B19-BB48-4A42-94C8-1ED5AF63B27B}.Debug|Any CPU.ActiveCfg = Debug|Any CPU
		{00D87B19-BB48-4A42-94C8-1ED5AF63B27B}.Debug|Any CPU.Build.0 = Debug|Any CPU
		{00D87B19-BB48-4A42-94C8-1ED5AF63B27B}.Release|Any CPU.ActiveCfg = Release|Any CPU
		{00D87B19-BB48-4A42-94C8-1ED5AF63B27B}.Release|Any CPU.Build.0 = Release|Any CPU
		{E3A4D330-EFF2-4250-BAEE-E734EC84C73D}.Debug|Any CPU.ActiveCfg = Debug|Any CPU
		{E3A4D330-EFF2-4250-BAEE-E734EC84C73D}.Debug|Any CPU.Build.0 = Debug|Any CPU
		{E3A4D330-EFF2-4250-BAEE-E734EC84C73D}.Release|Any CPU.ActiveCfg = Release|Any CPU
		{E3A4D330-EFF2-4250-BAEE-E734EC84C73D}.Release|Any CPU.Build.0 = Release|Any CPU
	EndGlobalSection
	GlobalSection(SolutionProperties) = preSolution
		HideSolutionNode = FALSE
	EndGlobalSection
	GlobalSection(ExtensibilityGlobals) = postSolution
		SolutionGuid = {C7DF64A6-5246-4BB4-860D-4BC10C5091C9}
	EndGlobalSection
EndGlobal
